
Microsoft Visual Studio Solution File, Format Version 12.00
# Visual Studio Version 16
VisualStudioVersion = 16.0.32002.261
MinimumVisualStudioVersion = 10.0.40219.1
Project("{8BC9CEB8-8B4A-11D0-8D11-00A0C91BC942}") = "mat", "mat.vcxproj", "{5A8F7063-7916-4A35-AE35-DE26264D01DD}"
EndProject
Global
	GlobalSection(SolutionConfigurationPlatforms) = preSolution
		Debug|x64 = Debug|x64
		Debug|x86 = Debug|x86
		Release|x64 = Release|x64
		Release|x86 = Release|x86
	EndGlobalSection
	GlobalSection(ProjectConfigurationPlatforms) = postSolution
		{5A8F7063-7916-4A35-AE35-DE26264D01DD}.Debug|x64.ActiveCfg = Debug|x64
		{5A8F7063-7916-4A35-AE35-DE26264D01DD}.Debug|x64.Build.0 = Debug|x64
		{5A8F7063-7916-4A35-AE35-DE26264D01DD}.Debug|x86.ActiveCfg = Debug|Win32
		{5A8F7063-7916-4A35-AE35-DE26264D01DD}.Debug|x86.Build.0 = Debug|Win32
		{5A8F7063-7916-4A35-AE35-DE26264D01DD}.Release|x64.ActiveCfg = Release|x64
		{5A8F7063-7916-4A35-AE35-DE26264D01DD}.Release|x64.Build.0 = Release|x64
		{5A8F7063-7916-4A35-AE35-DE26264D01DD}.Release|x86.ActiveCfg = Release|Win32
		{5A8F7063-7916-4A35-AE35-DE26264D01DD}.Release|x86.Build.0 = Release|Win32
	EndGlobalSection
	GlobalSection(SolutionProperties) = preSolution
		HideSolutionNode = FALSE
	EndGlobalSection
	GlobalSection(ExtensibilityGlobals) = postSolution
		SolutionGuid = {2CD10392-104D-428F-B338-CD807340D8DA}
	EndGlobalSection
EndGlobal
